{
  "lockfileVersion": 1,
  "workspaces": {
    "": {
      "name": "githob",
      "devDependencies": {
        "husky": "^9.1.7",
        "turbo": "^2.5.4",
      },
    },
    "apps/api": {
      "name": "@githob/api",
      "version": "0.0.0",
    },
    "apps/bot": {
      "name": "@githob/bot",
      "version": "0.0.0",
    },
    "apps/web": {
      "name": "@githob/web",
      "version": "0.0.0",
    },
    "packages/config": {
      "name": "@githob/config",
      "version": "0.0.0",
    },
    "packages/db": {
      "name": "@githob/db",
      "version": "0.0.0",
    },
    "packages/types": {
      "name": "@githob/types",
      "version": "0.0.0",
    },
  },
  "packages": {
    "@githob/api": ["@githob/api@workspace:apps/api"],

    "@githob/bot": ["@githob/bot@workspace:apps/bot"],

    "@githob/config": ["@githob/config@workspace:packages/config"],

    "@githob/db": ["@githob/db@workspace:packages/db"],

    "@githob/types": ["@githob/types@workspace:packages/types"],

    "@githob/web": ["@githob/web@workspace:apps/web"],

    "@turbo/darwin-64": ["@turbo/darwin-64@2.9.16", "", { "os": "darwin", "cpu": "x64" }, "sha512-jLjApWTSNd7JZ5JaLYfelW1ytnGQOvB7ivl+2RD1xQvJTbi8I9gBjzcga7tDZVPyaxpl10YTfJt3BrYXR18KDw=="],

    "@turbo/darwin-arm64": ["@turbo/darwin-arm64@2.9.16", "", { "os": "darwin", "cpu": "arm64" }, "sha512-YPgrn+5HIGzrx0O2a631SV4MBQUe4W/DafMFUuBVgaU32PW9/OTT0ehviF0QSxTXuRJlHvW2eUTemddF5/spmw=="],

    "@turbo/linux-64": ["@turbo/linux-64@2.9.16", "", { "os": "linux", "cpu": "x64" }, "sha512-vAEf1H6l26lTpl9FJ/peQo1NUB8RC0sbEJJz5mPcUhHA2bPDup2x3CZPgo/bH8S4cUcBLm4FN3UHd5iUO2RAew=="],

    "@turbo/linux-arm64": ["@turbo/linux-arm64@2.9.16", "", { "os": "linux", "cpu": "arm64" }, "sha512-xDBLR2PZg4BrQOchfG6svgpv5FCNJ2TOtT2psLdEJcdKo1BH+pnPs9Xj6pvUjgfkHbuvBOfeE4R6tvxMoQKDHQ=="],

    "@turbo/windows-64": ["@turbo/windows-64@2.9.16", "", { "os": "win32", "cpu": "x64" }, "sha512-NBAJnaUiGdgkSzQwUIdOvkCkcpTSu58G/sBGa0mvBtzfvFOOgrQwepKOOQ8cp6sWM6OcKDNFj2p1dsZA1OWjPg=="],

    "@turbo/windows-arm64": ["@turbo/windows-arm64@2.9.16", "", { "os": "win32", "cpu": "arm64" }, "sha512-Y7SJppD0Z8wjO3Ec0ZGd9KQ4Yv0BMnA8CIowj5Vp+OEVsosXDG2weK6/t1RRLfJmc2Ozrnd6y4DOgQys+mn3WQ=="],

    "husky": ["husky@9.1.7", "", { "bin": { "husky": "bin.js" } }, "sha512-5gs5ytaNjBrh5Ow3zrvdUUY+0VxIuWVL4i9irt6friV+BqdCfmV11CQTWMiBYWHbXhco+J1kHfTOUkePhCDvMA=="],

    "turbo": ["turbo@2.9.16", "", { "optionalDependencies": { "@turbo/darwin-64": "2.9.16", "@turbo/darwin-arm64": "2.9.16", "@turbo/linux-64": "2.9.16", "@turbo/linux-arm64": "2.9.16", "@turbo/windows-64": "2.9.16", "@turbo/windows-arm64": "2.9.16" }, "bin": { "turbo": "bin/turbo" } }, "sha512-NqgRQy6j6dPYcdSdv0q1g9QsZg7SWg87RERM8otw/1AtKU2yTFVClOM7cbwKzOonZr/Ek1blTBucw64L9H0Bwg=="],
  }
}
